
Microsoft Visual Studio Solution File, Format Version 12.00
# Visual Studio Version 17
VisualStudioVersion = 17.8.34322.80
MinimumVisualStudioVersion = 10.0.40219.1
Project("{FAE04EC0-301F-11D3-BF4B-00C04F79EFBC}") = "UC-ARCV", "UC-ARCV.csproj", "{76E927D4-7AA9-4F12-8C53-B7A770059D46}"
EndProject
Global
	GlobalSection(SolutionConfigurationPlatforms) = preSolution
		Debug|Any CPU = Debug|Any CPU
		Release|Any CPU = Release|Any CPU
	EndGlobalSection
	GlobalSection(ProjectConfigurationPlatforms) = postSolution
		{76E927D4-7AA9-4F12-8C53-B7A770059D46}.Debug|Any CPU.ActiveCfg = Debug|Any CPU
		{76E927D4-7AA9-4F12-8C53-B7A770059D46}.Debug|Any CPU.Build.0 = Debug|Any CPU
		{76E927D4-7AA9-4F12-8C53-B7A770059D46}.Release|Any CPU.ActiveCfg = Release|Any CPU
		{76E927D4-7AA9-4F12-8C53-B7A770059D46}.Release|Any CPU.Build.0 = Release|Any CPU
	EndGlobalSection
	GlobalSection(SolutionProperties) = preSolution
		HideSolutionNode = FALSE
	EndGlobalSection
	GlobalSection(ExtensibilityGlobals) = postSolution
		SolutionGuid = {CC1EC8FB-9AF0-40F3-BB3A-2C22A739FF4F}
	EndGlobalSection
EndGlobal
